
Microsoft Visual Studio Solution File, Format Version 12.00
# Visual Studio 2012
Project("{FAE04EC0-301F-11D3-BF4B-00C04F79EFBC}") = "Webcam-Application", "Webcam-Application\Webcam-Application.csproj", "{EF7B83BF-E3EB-4B2F-8DD8-A40FA54F2F6E}"
EndProject
Global
	GlobalSection(SolutionConfigurationPlatforms) = preSolution
		Debug|Any CPU = Debug|Any CPU
		Release|Any CPU = Release|Any CPU
	EndGlobalSection
	GlobalSection(ProjectConfigurationPlatforms) = postSolution
		{EF7B83BF-E3EB-4B2F-8DD8-A40FA54F2F6E}.Debug|Any CPU.ActiveCfg = Debug|Any CPU
		{EF7B83BF-E3EB-4B2F-8DD8-A40FA54F2F6E}.Debug|Any CPU.Build.0 = Debug|Any CPU
		{EF7B83BF-E3EB-4B2F-8DD8-A40FA54F2F6E}.Release|Any CPU.ActiveCfg = Release|Any CPU
		{EF7B83BF-E3EB-4B2F-8DD8-A40FA54F2F6E}.Release|Any CPU.Build.0 = Release|Any CPU
	EndGlobalSection
	GlobalSection(SolutionProperties) = preSolution
		HideSolutionNode = FALSE
	EndGlobalSection
EndGlobal
